
Microsoft Visual Studio Solution File, Format Version 12.00
# Visual Studio Version 16
VisualStudioVersion = 16.0.32106.194
MinimumVisualStudioVersion = 10.0.40219.1
Project("{FAE04EC0-301F-11D3-BF4B-00C04F79EFBC}") = "MATERIAL_IN_OUT", "MATERIAL_IN_OUT\MATERIAL_IN_OUT.csproj", "{8B95BD91-F73B-40BF-A811-7A5915FD07C9}"
EndProject
Global
	GlobalSection(SolutionConfigurationPlatforms) = preSolution
		Debug|Any CPU = Debug|Any CPU
		Release|Any CPU = Release|Any CPU
	EndGlobalSection
	GlobalSection(ProjectConfigurationPlatforms) = postSolution
		{8B95BD91-F73B-40BF-A811-7A5915FD07C9}.Debug|Any CPU.ActiveCfg = Debug|Any CPU
		{8B95BD91-F73B-40BF-A811-7A5915FD07C9}.Debug|Any CPU.Build.0 = Debug|Any CPU
		{8B95BD91-F73B-40BF-A811-7A5915FD07C9}.Release|Any CPU.ActiveCfg = Release|Any CPU
		{8B95BD91-F73B-40BF-A811-7A5915FD07C9}.Release|Any CPU.Build.0 = Release|Any CPU
	EndGlobalSection
	GlobalSection(SolutionProperties) = preSolution
		HideSolutionNode = FALSE
	EndGlobalSection
	GlobalSection(ExtensibilityGlobals) = postSolution
		SolutionGuid = {2A32AA00-B0CD-441B-BD4E-32A758B04D8D}
	EndGlobalSection
EndGlobal
